{
  "requires": true,
  "lockfileVersion": 1,
  "dependencies": {
    "express-ejs-layouts": {
      "version": "2.5.1",
      "resolved": "https://registry.npmjs.org/express-ejs-layouts/-/express-ejs-layouts-2.5.1.tgz",
      "integrity": "sha512-IXROv9n3xKga7FowT06n1Qn927JR8ZWDn5Dc9CJQoiiaaDqbhW5PDmWShzbpAa2wjWT1vJqaIM1S6vJwwX11gA=="
    }
  }
}
